Microsoft Visual Studio Solution File, Format Version 11.00
# Visual Studio 2008

Project("{D263B52A-6AE6-0B9B-3260-FE5077EF8AF9}") = "3D Mario Unity Project c#", "Assembly-CSharp-firstpass.csproj", "{76165C9A-B942-3924-6A3F-B3A8235141D8}"
EndProject
Project("{D263B52A-6AE6-0B9B-3260-FE5077EF8AF9}") = "3D Mario Unity Project c#", "Assembly-CSharp.csproj", "{82A43D08-09B8-35CC-5768-6E80C4B3751D}"
EndProject
Project("{D263B52A-6AE6-0B9B-3260-FE5077EF8AF9}") = "3D Mario Unity Project c#", "Assembly-CSharp-Editor-firstpass.csproj", "{87A4B401-ACE3-DEA7-C3B3-E7BF405D543F}"
EndProject
Project("{D263B52A-6AE6-0B9B-3260-FE5077EF8AF9}") = "3D Mario Unity Project c#", "Assembly-UnityScript-firstpass.unityproj", "{1AEED17E-31D3-F816-E42C-30124CF6E594}"
EndProject
Project("{D263B52A-6AE6-0B9B-3260-FE5077EF8AF9}") = "3D Mario Unity Project c#", "Assembly-UnityScript-Editor-firstpass.unityproj", "{2030E093-96E7-B40A-5FD3-D1C1DA27043B}"
EndProject
Global
	GlobalSection(SolutionConfigurationPlatforms) = preSolution
		Debug|Any CPU = Debug|Any CPU
		Release|Any CPU = Release|Any CPU
	EndGlobalSection
	GlobalSection(ProjectConfigurationPlatforms) = postSolution
		{76165C9A-B942-3924-6A3F-B3A8235141D8}.Debug|Any CPU.ActiveCfg = Debug|Any CPU
		{76165C9A-B942-3924-6A3F-B3A8235141D8}.Debug|Any CPU.Build.0 = Debug|Any CPU
		{76165C9A-B942-3924-6A3F-B3A8235141D8}.Release|Any CPU.ActiveCfg = Release|Any CPU
		{76165C9A-B942-3924-6A3F-B3A8235141D8}.Release|Any CPU.Build.0 = Release|Any CPU
		{82A43D08-09B8-35CC-5768-6E80C4B3751D}.Debug|Any CPU.ActiveCfg = Debug|Any CPU
		{82A43D08-09B8-35CC-5768-6E80C4B3751D}.Debug|Any CPU.Build.0 = Debug|Any CPU
		{82A43D08-09B8-35CC-5768-6E80C4B3751D}.Release|Any CPU.ActiveCfg = Release|Any CPU
		{82A43D08-09B8-35CC-5768-6E80C4B3751D}.Release|Any CPU.Build.0 = Release|Any CPU
		{87A4B401-ACE3-DEA7-C3B3-E7BF405D543F}.Debug|Any CPU.ActiveCfg = Debug|Any CPU
		{87A4B401-ACE3-DEA7-C3B3-E7BF405D543F}.Debug|Any CPU.Build.0 = Debug|Any CPU
		{87A4B401-ACE3-DEA7-C3B3-E7BF405D543F}.Release|Any CPU.ActiveCfg = Release|Any CPU
		{87A4B401-ACE3-DEA7-C3B3-E7BF405D543F}.Release|Any CPU.Build.0 = Release|Any CPU
		{1AEED17E-31D3-F816-E42C-30124CF6E594}.Debug|Any CPU.ActiveCfg = Debug|Any CPU
		{1AEED17E-31D3-F816-E42C-30124CF6E594}.Debug|Any CPU.Build.0 = Debug|Any CPU
		{1AEED17E-31D3-F816-E42C-30124CF6E594}.Release|Any CPU.ActiveCfg = Release|Any CPU
		{1AEED17E-31D3-F816-E42C-30124CF6E594}.Release|Any CPU.Build.0 = Release|Any CPU
		{2030E093-96E7-B40A-5FD3-D1C1DA27043B}.Debug|Any CPU.ActiveCfg = Debug|Any CPU
		{2030E093-96E7-B40A-5FD3-D1C1DA27043B}.Debug|Any CPU.Build.0 = Debug|Any CPU
		{2030E093-96E7-B40A-5FD3-D1C1DA27043B}.Release|Any CPU.ActiveCfg = Release|Any CPU
		{2030E093-96E7-B40A-5FD3-D1C1DA27043B}.Release|Any CPU.Build.0 = Release|Any CPU
	EndGlobalSection
	GlobalSection(SolutionProperties) = preSolution
		HideSolutionNode = FALSE
	EndGlobalSection
																																							GlobalSection(MonoDevelopProperties) = preSolution
		StartupItem = Assembly-CSharp.csproj
		Policies = $0
		$0.TextStylePolicy = $1
		$1.inheritsSet = null
		$1.scope = text/x-csharp
		$0.CSharpFormattingPolicy = $2
		$2.inheritsSet = Mono
		$2.inheritsScope = text/x-csharp
		$2.scope = text/x-csharp
		$0.TextStylePolicy = $3
		$3.FileWidth = 120
		$3.TabWidth = 4
		$3.EolMarker = Unix
		$3.inheritsSet = Mono
		$3.inheritsScope = text/plain
		$3.scope = text/plain
	EndGlobalSection

EndGlobal
